
Microsoft Visual Studio Solution File, Format Version 12.00
# Visual Studio Version 17
VisualStudioVersion = 17.4.33213.308
MinimumVisualStudioVersion = 10.0.40219.1
Project("{FAE04EC0-301F-11D3-BF4B-00C04F79EFBC}") = "GitHubReleaseTest", "GitHubReleaseTest\GitHubReleaseTest.csproj", "{D05631CA-BAD2-4C17-BCB0-B35FF9B90D78}"
EndProject
Global
	GlobalSection(SolutionConfigurationPlatforms) = preSolution
		Debug|Any CPU = Debug|Any CPU
		Release|Any CPU = Release|Any CPU
	EndGlobalSection
	GlobalSection(ProjectConfigurationPlatforms) = postSolution
		{D05631CA-BAD2-4C17-BCB0-B35FF9B90D78}.Debug|Any CPU.ActiveCfg = Debug|Any CPU
		{D05631CA-BAD2-4C17-BCB0-B35FF9B90D78}.Debug|Any CPU.Build.0 = Debug|Any CPU
		{D05631CA-BAD2-4C17-BCB0-B35FF9B90D78}.Release|Any CPU.ActiveCfg = Release|Any CPU
		{D05631CA-BAD2-4C17-BCB0-B35FF9B90D78}.Release|Any CPU.Build.0 = Release|Any CPU
	EndGlobalSection
	GlobalSection(SolutionProperties) = preSolution
		HideSolutionNode = FALSE
	EndGlobalSection
	GlobalSection(ExtensibilityGlobals) = postSolution
		SolutionGuid = {E177705A-4514-4C74-A6E5-6C6E6F6D8642}
	EndGlobalSection
EndGlobal
